
Microsoft Visual Studio Solution File, Format Version 12.00
# Visual Studio Version 17
VisualStudioVersion = 17.5.33414.496
MinimumVisualStudioVersion = 10.0.40219.1
Project("{FAE04EC0-301F-11D3-BF4B-00C04F79EFBC}") = "UDP Client", "UDP Client\UDP Client.csproj", "{2B1410A3-BFDA-4D88-8C6F-3A6857F2BF34}"
EndProject
Project("{FAE04EC0-301F-11D3-BF4B-00C04F79EFBC}") = "UDP Server", "UDP Server\UDP Server.csproj", "{9B4529A1-A2FA-46D1-9131-88DB65384AAD}"
EndProject
Global
	GlobalSection(SolutionConfigurationPlatforms) = preSolution
		Debug|Any CPU = Debug|Any CPU
		Release|Any CPU = Release|Any CPU
	EndGlobalSection
	GlobalSection(ProjectConfigurationPlatforms) = postSolution
		{2B1410A3-BFDA-4D88-8C6F-3A6857F2BF34}.Debug|Any CPU.ActiveCfg = Debug|Any CPU
		{2B1410A3-BFDA-4D88-8C6F-3A6857F2BF34}.Debug|Any CPU.Build.0 = Debug|Any CPU
		{2B1410A3-BFDA-4D88-8C6F-3A6857F2BF34}.Release|Any CPU.ActiveCfg = Release|Any CPU
		{2B1410A3-BFDA-4D88-8C6F-3A6857F2BF34}.Release|Any CPU.Build.0 = Release|Any CPU
		{9B4529A1-A2FA-46D1-9131-88DB65384AAD}.Debug|Any CPU.ActiveCfg = Debug|Any CPU
		{9B4529A1-A2FA-46D1-9131-88DB65384AAD}.Debug|Any CPU.Build.0 = Debug|Any CPU
		{9B4529A1-A2FA-46D1-9131-88DB65384AAD}.Release|Any CPU.ActiveCfg = Release|Any CPU
		{9B4529A1-A2FA-46D1-9131-88DB65384AAD}.Release|Any CPU.Build.0 = Release|Any CPU
	EndGlobalSection
	GlobalSection(SolutionProperties) = preSolution
		HideSolutionNode = FALSE
	EndGlobalSection
	GlobalSection(ExtensibilityGlobals) = postSolution
		SolutionGuid = {A55D5ADD-4493-4E48-A67A-6422C05CC028}
	EndGlobalSection
EndGlobal
